
Microsoft Visual Studio Solution File, Format Version 12.00
# Visual Studio Version 17
VisualStudioVersion = 17.0.31912.275
MinimumVisualStudioVersion = 10.0.40219.1
Project("{FAE04EC0-301F-11D3-BF4B-00C04F79EFBC}") = "DataAccess", "DataAccess\DataAccess.csproj", "{DDE6AD8C-2B19-427A-B81D-E03BDC5EB677}"
EndProject
Project("{FAE04EC0-301F-11D3-BF4B-00C04F79EFBC}") = "Core", "Core\Core.csproj", "{15546E3F-79B0-45C8-AF6F-667F30289E46}"
EndProject
Project("{FAE04EC0-301F-11D3-BF4B-00C04F79EFBC}") = "Entity", "Entity\Entity.csproj", "{452D5DBA-7F09-4D4B-94DA-1796DF15D21F}"
EndProject
Project("{FAE04EC0-301F-11D3-BF4B-00C04F79EFBC}") = "Business", "Business\Business.csproj", "{47F517F9-0400-40A7-854D-4FF1A3DD63CC}"
EndProject
Project("{FAE04EC0-301F-11D3-BF4B-00C04F79EFBC}") = "AngularWeb", "AngularWeb\AngularWeb.csproj", "{2A92BCD5-7548-4AA6-8E88-05D94558BF8B}"
EndProject
Global
	GlobalSection(SolutionConfigurationPlatforms) = preSolution
		Debug|Any CPU = Debug|Any CPU
		Release|Any CPU = Release|Any CPU
	EndGlobalSection
	GlobalSection(ProjectConfigurationPlatforms) = postSolution
		{DDE6AD8C-2B19-427A-B81D-E03BDC5EB677}.Debug|Any CPU.ActiveCfg = Debug|Any CPU
		{DDE6AD8C-2B19-427A-B81D-E03BDC5EB677}.Debug|Any CPU.Build.0 = Debug|Any CPU
		{DDE6AD8C-2B19-427A-B81D-E03BDC5EB677}.Release|Any CPU.ActiveCfg = Release|Any CPU
		{DDE6AD8C-2B19-427A-B81D-E03BDC5EB677}.Release|Any CPU.Build.0 = Release|Any CPU
		{15546E3F-79B0-45C8-AF6F-667F30289E46}.Debug|Any CPU.ActiveCfg = Debug|Any CPU
		{15546E3F-79B0-45C8-AF6F-667F30289E46}.Debug|Any CPU.Build.0 = Debug|Any CPU
		{15546E3F-79B0-45C8-AF6F-667F30289E46}.Release|Any CPU.ActiveCfg = Release|Any CPU
		{15546E3F-79B0-45C8-AF6F-667F30289E46}.Release|Any CPU.Build.0 = Release|Any CPU
		{452D5DBA-7F09-4D4B-94DA-1796DF15D21F}.Debug|Any CPU.ActiveCfg = Debug|Any CPU
		{452D5DBA-7F09-4D4B-94DA-1796DF15D21F}.Debug|Any CPU.Build.0 = Debug|Any CPU
		{452D5DBA-7F09-4D4B-94DA-1796DF15D21F}.Release|Any CPU.ActiveCfg = Release|Any CPU
		{452D5DBA-7F09-4D4B-94DA-1796DF15D21F}.Release|Any CPU.Build.0 = Release|Any CPU
		{47F517F9-0400-40A7-854D-4FF1A3DD63CC}.Debug|Any CPU.ActiveCfg = Debug|Any CPU
		{47F517F9-0400-40A7-854D-4FF1A3DD63CC}.Debug|Any CPU.Build.0 = Debug|Any CPU
		{47F517F9-0400-40A7-854D-4FF1A3DD63CC}.Release|Any CPU.ActiveCfg = Release|Any CPU
		{47F517F9-0400-40A7-854D-4FF1A3DD63CC}.Release|Any CPU.Build.0 = Release|Any CPU
		{2A92BCD5-7548-4AA6-8E88-05D94558BF8B}.Debug|Any CPU.ActiveCfg = Debug|Any CPU
		{2A92BCD5-7548-4AA6-8E88-05D94558BF8B}.Debug|Any CPU.Build.0 = Debug|Any CPU
		{2A92BCD5-7548-4AA6-8E88-05D94558BF8B}.Release|Any CPU.ActiveCfg = Release|Any CPU
		{2A92BCD5-7548-4AA6-8E88-05D94558BF8B}.Release|Any CPU.Build.0 = Release|Any CPU
	EndGlobalSection
	GlobalSection(SolutionProperties) = preSolution
		HideSolutionNode = FALSE
	EndGlobalSection
	GlobalSection(ExtensibilityGlobals) = postSolution
		SolutionGuid = {9F466657-1CF5-4F4D-B45C-525D2B21A69F}
	EndGlobalSection
EndGlobal
